// !$*UTF8*$!
{
	archiveVersion = 1;
	classes = {
	};
	objectVersion = 56;
	objects = {

/* Begin PBXBuildFile section */
		855023522A3D77D600D563AF /* AppDelegate.swift in Sources */ = {isa = PBXBuildFile; fileRef = 855023512A3D77D600D563AF /* AppDelegate.swift */; };
		855023542A3D77D600D563AF /* SceneDelegate.swift in Sources */ = {isa = PBXBuildFile; fileRef = 855023532A3D77D600D563AF /* SceneDelegate.swift */; };
		855023562A3D77D600D563AF /* WeatherViewController.swift in Sources */ = {isa = PBXBuildFile; fileRef = 855023552A3D77D600D563AF /* WeatherViewController.swift */; };
		855023592A3D77D600D563AF /* Weather.storyboard in Resources */ = {isa = PBXBuildFile; fileRef = 855023572A3D77D600D563AF /* Weather.storyboard */; };
		8550235B2A3D77D700D563AF /* Assets.xcassets in Resources */ = {isa = PBXBuildFile; fileRef = 8550235A2A3D77D700D563AF /* Assets.xcassets */; };
		8550235E2A3D77D700D563AF /* LaunchScreen.storyboard in Resources */ = {isa = PBXBuildFile; fileRef = 8550235C2A3D77D700D563AF /* LaunchScreen.storyboard */; };
		855023722A3D7A9F00D563AF /* WeatherPresenter.swift in Sources */ = {isa = PBXBuildFile; fileRef = 855023712A3D7A9F00D563AF /* WeatherPresenter.swift */; };
		855023742A3D7AB200D563AF /* WeatherDataSourse.swift in Sources */ = {isa = PBXBuildFile; fileRef = 855023732A3D7AB200D563AF /* WeatherDataSourse.swift */; };
		855023772A3D7B3E00D563AF /* WeatherBottomView.swift in Sources */ = {isa = PBXBuildFile; fileRef = 855023762A3D7B3E00D563AF /* WeatherBottomView.swift */; };
		8550237A2A3D7BA500D563AF /* SnapKit in Frameworks */ = {isa = PBXBuildFile; productRef = 855023792A3D7BA500D563AF /* SnapKit */; };
		8550237C2A3D7BCF00D563AF /* WeatherType.swift in Sources */ = {isa = PBXBuildFile; fileRef = 8550237B2A3D7BCF00D563AF /* WeatherType.swift */; };
		8550237E2A3D7BE000D563AF /* CurrentWeatherType.swift in Sources */ = {isa = PBXBuildFile; fileRef = 8550237D2A3D7BE000D563AF /* CurrentWeatherType.swift */; };
		855023822A3D7C4400D563AF /* CurrentWeatherView.swift in Sources */ = {isa = PBXBuildFile; fileRef = 855023812A3D7C4400D563AF /* CurrentWeatherView.swift */; };
		855023852A3D7C5600D563AF /* DayWeatherCell.swift in Sources */ = {isa = PBXBuildFile; fileRef = 855023842A3D7C5600D563AF /* DayWeatherCell.swift */; };
		8550238A2A3D7C9C00D563AF /* Label.swift in Sources */ = {isa = PBXBuildFile; fileRef = 855023892A3D7C9C00D563AF /* Label.swift */; };
		8550238F2A3D7CE300D563AF /* NetworkManager.swift in Sources */ = {isa = PBXBuildFile; fileRef = 8550238E2A3D7CE300D563AF /* NetworkManager.swift */; };
		855023912A3D7CEE00D563AF /* LocationManager.swift in Sources */ = {isa = PBXBuildFile; fileRef = 855023902A3D7CEE00D563AF /* LocationManager.swift */; };
		855023942A3D7D2400D563AF /* Constant.swift in Sources */ = {isa = PBXBuildFile; fileRef = 855023932A3D7D2400D563AF /* Constant.swift */; };
		855023982A3D7D5000D563AF /* WeatherResponse.swift in Sources */ = {isa = PBXBuildFile; fileRef = 855023972A3D7D5000D563AF /* WeatherResponse.swift */; };
		8550239B2A3D7D7500D563AF /* DayWeatherData.swift in Sources */ = {isa = PBXBuildFile; fileRef = 8550239A2A3D7D7500D563AF /* DayWeatherData.swift */; };
		8550239E2A3D7DA100D563AF /* WeatherSectionHeader.swift in Sources */ = {isa = PBXBuildFile; fileRef = 8550239D2A3D7DA100D563AF /* WeatherSectionHeader.swift */; };
		855023A02A3D7DD100D563AF /* WeatherSectionHeaderView.swift in Sources */ = {isa = PBXBuildFile; fileRef = 8550239F2A3D7DD100D563AF /* WeatherSectionHeaderView.swift */; };
		855023BA2A3D8EE700D563AF /* UIView+Blur.swift in Sources */ = {isa = PBXBuildFile; fileRef = 855023B92A3D8EE700D563AF /* UIView+Blur.swift */; };
		855023BE2A3D91A600D563AF /* Inter-Medium.ttf in Resources */ = {isa = PBXBuildFile; fileRef = 855023BD2A3D91A600D563AF /* Inter-Medium.ttf */; };
		855023C02A3D93EE00D563AF /* UIView+CornerRadius.swift in Sources */ = {isa = PBXBuildFile; fileRef = 855023BF2A3D93EE00D563AF /* UIView+CornerRadius.swift */; };
		855023C32A3D95EE00D563AF /* Date+Extension.swift in Sources */ = {isa = PBXBuildFile; fileRef = 855023C22A3D95EE00D563AF /* Date+Extension.swift */; };
		855023C62A3D962200D563AF /* String+Extension.swift in Sources */ = {isa = PBXBuildFile; fileRef = 855023C52A3D962200D563AF /* String+Extension.swift */; };
		855023C92A3D969300D563AF /* WeekDay.swift in Sources */ = {isa = PBXBuildFile; fileRef = 855023C82A3D969300D563AF /* WeekDay.swift */; };
		855023CB2A3D96AE00D563AF /* Localizable.strings in Resources */ = {isa = PBXBuildFile; fileRef = 855023CA2A3D96AE00D563AF /* Localizable.strings */; };
		855023CD2A3D974000D563AF /* String+Localizable.swift in Sources */ = {isa = PBXBuildFile; fileRef = 855023CC2A3D974000D563AF /* String+Localizable.swift */; };
		855023D02A3D99BE00D563AF /* Color.swift in Sources */ = {isa = PBXBuildFile; fileRef = 855023CF2A3D99BE00D563AF /* Color.swift */; };
		855023D32A3D9E2100D563AF /* HourlyWeatherCell.swift in Sources */ = {isa = PBXBuildFile; fileRef = 855023D22A3D9E2100D563AF /* HourlyWeatherCell.swift */; };
		855023D62A3DA2C100D563AF /* AdditionalInformationCell.swift in Sources */ = {isa = PBXBuildFile; fileRef = 855023D52A3DA2C100D563AF /* AdditionalInformationCell.swift */; };
		855023DA2A3DA3CB00D563AF /* AdditionalInformationDataSource.swift in Sources */ = {isa = PBXBuildFile; fileRef = 855023D92A3DA3CB00D563AF /* AdditionalInformationDataSource.swift */; };
		855023DD2A3DA6EA00D563AF /* AdditionalInformationItemCell.swift in Sources */ = {isa = PBXBuildFile; fileRef = 855023DC2A3DA6EA00D563AF /* AdditionalInformationItemCell.swift */; };
		855023E02A3DCB7300D563AF /* PhoneSize.swift in Sources */ = {isa = PBXBuildFile; fileRef = 855023DF2A3DCB7300D563AF /* PhoneSize.swift */; };
		855023E72A3E438900D563AF /* HourWeatherCell.swift in Sources */ = {isa = PBXBuildFile; fileRef = 855023E62A3E438900D563AF /* HourWeatherCell.swift */; };
		855023EC2A3ED30B00D563AF /* HourWeatherData.swift in Sources */ = {isa = PBXBuildFile; fileRef = 855023EB2A3ED30B00D563AF /* HourWeatherData.swift */; };
		855023EE2A3ED32500D563AF /* CurrentWeatherDataSource.swift in Sources */ = {isa = PBXBuildFile; fileRef = 855023ED2A3ED32500D563AF /* CurrentWeatherDataSource.swift */; };
		855023F12A3EE23F00D563AF /* AdditionalInformationType.swift in Sources */ = {isa = PBXBuildFile; fileRef = 855023F02A3EE23F00D563AF /* AdditionalInformationType.swift */; };
		855023F42A3EE37A00D563AF /* WindTypeView.swift in Sources */ = {isa = PBXBuildFile; fileRef = 855023F32A3EE37900D563AF /* WindTypeView.swift */; };
		855023F62A3EEDD500D563AF /* HumidityTypeView.swift in Sources */ = {isa = PBXBuildFile; fileRef = 855023F52A3EEDD500D563AF /* HumidityTypeView.swift */; };
/* End PBXBuildFile section */

/* Begin PBXFileReference section */
		8550234E2A3D77D600D563AF /* OpenWeather.app */ = {isa = PBXFileReference; explicitFileType = wrapper.application; includeInIndex = 0; path = OpenWeather.app; sourceTree = BUILT_PRODUCTS_DIR; };
		855023512A3D77D600D563AF /* AppDelegate.swift */ = {isa = PBXFileReference; lastKnownFileType = sourcecode.swift; path = AppDelegate.swift; sourceTree = "<group>"; };
		855023532A3D77D600D563AF /* SceneDelegate.swift */ = {isa = PBXFileReference; lastKnownFileType = sourcecode.swift; path = SceneDelegate.swift; sourceTree = "<group>"; };
		855023552A3D77D600D563AF /* WeatherViewController.swift */ = {isa = PBXFileReference; lastKnownFileType = sourcecode.swift; path = WeatherViewController.swift; sourceTree = "<group>"; };
		855023582A3D77D600D563AF /* Base */ = {isa = PBXFileReference; lastKnownFileType = file.storyboard; name = Base; path = Base.lproj/Weather.storyboard; sourceTree = "<group>"; };
		8550235A2A3D77D700D563AF /* Assets.xcassets */ = {isa = PBXFileReference; lastKnownFileType = folder.assetcatalog; path = Assets.xcassets; sourceTree = "<group>"; };
		8550235D2A3D77D700D563AF /* Base */ = {isa = PBXFileReference; lastKnownFileType = file.storyboard; name = Base; path = Base.lproj/LaunchScreen.storyboard; sourceTree = "<group>"; };
		8550235F2A3D77D700D563AF /* Info.plist */ = {isa = PBXFileReference; lastKnownFileType = text.plist.xml; path = Info.plist; sourceTree = "<group>"; };
		855023712A3D7A9F00D563AF /* WeatherPresenter.swift */ = {isa = PBXFileReference; lastKnownFileType = sourcecode.swift; path = WeatherPresenter.swift; sourceTree = "<group>"; };
		855023732A3D7AB200D563AF /* WeatherDataSourse.swift */ = {isa = PBXFileReference; lastKnownFileType = sourcecode.swift; path = WeatherDataSourse.swift; sourceTree = "<group>"; };
		855023762A3D7B3E00D563AF /* WeatherBottomView.swift */ = {isa = PBXFileReference; lastKnownFileType = sourcecode.swift; path = WeatherBottomView.swift; sourceTree = "<group>"; };
		8550237B2A3D7BCF00D563AF /* WeatherType.swift */ = {isa = PBXFileReference; lastKnownFileType = sourcecode.swift; path = WeatherType.swift; sourceTree = "<group>"; };
		8550237D2A3D7BE000D563AF /* CurrentWeatherType.swift */ = {isa = PBXFileReference; lastKnownFileType = sourcecode.swift; path = CurrentWeatherType.swift; sourceTree = "<group>"; };
		855023812A3D7C4400D563AF /* CurrentWeatherView.swift */ = {isa = PBXFileReference; lastKnownFileType = sourcecode.swift; path = CurrentWeatherView.swift; sourceTree = "<group>"; };
		855023842A3D7C5600D563AF /* DayWeatherCell.swift */ = {isa = PBXFileReference; lastKnownFileType = sourcecode.swift; path = DayWeatherCell.swift; sourceTree = "<group>"; };
		855023892A3D7C9C00D563AF /* Label.swift */ = {isa = PBXFileReference; lastKnownFileType = sourcecode.swift; path = Label.swift; sourceTree = "<group>"; };
		8550238E2A3D7CE300D563AF /* NetworkManager.swift */ = {isa = PBXFileReference; lastKnownFileType = sourcecode.swift; path = NetworkManager.swift; sourceTree = "<group>"; };
		855023902A3D7CEE00D563AF /* LocationManager.swift */ = {isa = PBXFileReference; lastKnownFileType = sourcecode.swift; path = LocationManager.swift; sourceTree = "<group>"; };
		855023932A3D7D2400D563AF /* Constant.swift */ = {isa = PBXFileReference; lastKnownFileType = sourcecode.swift; path = Constant.swift; sourceTree = "<group>"; };
		855023972A3D7D5000D563AF /* WeatherResponse.swift */ = {isa = PBXFileReference; lastKnownFileType = sourcecode.swift; path = WeatherResponse.swift; sourceTree = "<group>"; };
		8550239A2A3D7D7500D563AF /* DayWeatherData.swift */ = {isa = PBXFileReference; lastKnownFileType = sourcecode.swift; path = DayWeatherData.swift; sourceTree = "<group>"; };
		8550239D2A3D7DA100D563AF /* WeatherSectionHeader.swift */ = {isa = PBXFileReference; lastKnownFileType = sourcecode.swift; path = WeatherSectionHeader.swift; sourceTree = "<group>"; };
		8550239F2A3D7DD100D563AF /* WeatherSectionHeaderView.swift */ = {isa = PBXFileReference; lastKnownFileType = sourcecode.swift; path = WeatherSectionHeaderView.swift; sourceTree = "<group>"; };
		855023B92A3D8EE700D563AF /* UIView+Blur.swift */ = {isa = PBXFileReference; lastKnownFileType = sourcecode.swift; path = "UIView+Blur.swift"; sourceTree = "<group>"; };
		855023BD2A3D91A600D563AF /* Inter-Medium.ttf */ = {isa = PBXFileReference; lastKnownFileType = file; path = "Inter-Medium.ttf"; sourceTree = "<group>"; };
		855023BF2A3D93EE00D563AF /* UIView+CornerRadius.swift */ = {isa = PBXFileReference; lastKnownFileType = sourcecode.swift; path = "UIView+CornerRadius.swift"; sourceTree = "<group>"; };
		855023C22A3D95EE00D563AF /* Date+Extension.swift */ = {isa = PBXFileReference; lastKnownFileType = sourcecode.swift; path = "Date+Extension.swift"; sourceTree = "<group>"; };
		855023C52A3D962200D563AF /* String+Extension.swift */ = {isa = PBXFileReference; lastKnownFileType = sourcecode.swift; path = "String+Extension.swift"; sourceTree = "<group>"; };
		855023C82A3D969300D563AF /* WeekDay.swift */ = {isa = PBXFileReference; lastKnownFileType = sourcecode.swift; path = WeekDay.swift; sourceTree = "<group>"; };
		855023CA2A3D96AE00D563AF /* Localizable.strings */ = {isa = PBXFileReference; lastKnownFileType = text.plist.strings; path = Localizable.strings; sourceTree = "<group>"; };
		855023CC2A3D974000D563AF /* String+Localizable.swift */ = {isa = PBXFileReference; lastKnownFileType = sourcecode.swift; path = "String+Localizable.swift"; sourceTree = "<group>"; };
		855023CF2A3D99BE00D563AF /* Color.swift */ = {isa = PBXFileReference; lastKnownFileType = sourcecode.swift; path = Color.swift; sourceTree = "<group>"; };
		855023D22A3D9E2100D563AF /* HourlyWeatherCell.swift */ = {isa = PBXFileReference; lastKnownFileType = sourcecode.swift; path = HourlyWeatherCell.swift; sourceTree = "<group>"; };
		855023D52A3DA2C100D563AF /* AdditionalInformationCell.swift */ = {isa = PBXFileReference; lastKnownFileType = sourcecode.swift; path = AdditionalInformationCell.swift; sourceTree = "<group>"; };
		855023D92A3DA3CB00D563AF /* AdditionalInformationDataSource.swift */ = {isa = PBXFileReference; lastKnownFileType = sourcecode.swift; path = AdditionalInformationDataSource.swift; sourceTree = "<group>"; };
		855023DC2A3DA6EA00D563AF /* AdditionalInformationItemCell.swift */ = {isa = PBXFileReference; lastKnownFileType = sourcecode.swift; path = AdditionalInformationItemCell.swift; sourceTree = "<group>"; };
		855023DF2A3DCB7300D563AF /* PhoneSize.swift */ = {isa = PBXFileReference; lastKnownFileType = sourcecode.swift; path = PhoneSize.swift; sourceTree = "<group>"; };
		855023E62A3E438900D563AF /* HourWeatherCell.swift */ = {isa = PBXFileReference; lastKnownFileType = sourcecode.swift; path = HourWeatherCell.swift; sourceTree = "<group>"; };
		855023EB2A3ED30B00D563AF /* HourWeatherData.swift */ = {isa = PBXFileReference; lastKnownFileType = sourcecode.swift; path = HourWeatherData.swift; sourceTree = "<group>"; };
		855023ED2A3ED32500D563AF /* CurrentWeatherDataSource.swift */ = {isa = PBXFileReference; lastKnownFileType = sourcecode.swift; path = CurrentWeatherDataSource.swift; sourceTree = "<group>"; };
		855023F02A3EE23F00D563AF /* AdditionalInformationType.swift */ = {isa = PBXFileReference; lastKnownFileType = sourcecode.swift; path = AdditionalInformationType.swift; sourceTree = "<group>"; };
		855023F32A3EE37900D563AF /* WindTypeView.swift */ = {isa = PBXFileReference; lastKnownFileType = sourcecode.swift; path = WindTypeView.swift; sourceTree = "<group>"; };
		855023F52A3EEDD500D563AF /* HumidityTypeView.swift */ = {isa = PBXFileReference; lastKnownFileType = sourcecode.swift; path = HumidityTypeView.swift; sourceTree = "<group>"; };
/* End PBXFileReference section */

/* Begin PBXFrameworksBuildPhase section */
		8550234B2A3D77D600D563AF /* Frameworks */ = {
			isa = PBXFrameworksBuildPhase;
			buildActionMask = 2147483647;
			files = (
				8550237A2A3D7BA500D563AF /* SnapKit in Frameworks */,
			);
			runOnlyForDeploymentPostprocessing = 0;
		};
/* End PBXFrameworksBuildPhase section */

/* Begin PBXGroup section */
		855023452A3D77D600D563AF = {
			isa = PBXGroup;
			children = (
				855023502A3D77D600D563AF /* OpenWeather */,
				8550234F2A3D77D600D563AF /* Products */,
			);
			sourceTree = "<group>";
		};
		8550234F2A3D77D600D563AF /* Products */ = {
			isa = PBXGroup;
			children = (
				8550234E2A3D77D600D563AF /* OpenWeather.app */,
			);
			name = Products;
			sourceTree = "<group>";
		};
		855023502A3D77D600D563AF /* OpenWeather */ = {
			isa = PBXGroup;
			children = (
				855023662A3D79EF00D563AF /* Screen */,
				855023652A3D79EB00D563AF /* Core */,
				855023BB2A3D916600D563AF /* Resources */,
				855023682A3D7A0000D563AF /* Application */,
				855023512A3D77D600D563AF /* AppDelegate.swift */,
				855023532A3D77D600D563AF /* SceneDelegate.swift */,
				8550235C2A3D77D700D563AF /* LaunchScreen.storyboard */,
				8550235F2A3D77D700D563AF /* Info.plist */,
			);
			path = OpenWeather;
			sourceTree = "<group>";
		};
		855023652A3D79EB00D563AF /* Core */ = {
			isa = PBXGroup;
			children = (
				855023C72A3D968B00D563AF /* Enum */,
				855023A12A3D7EDB00D563AF /* Network */,
				8550238B2A3D7CC100D563AF /* Manager */,
				855023872A3D7C8200D563AF /* Base */,
				855023862A3D7C7900D563AF /* Extensions */,
			);
			path = Core;
			sourceTree = "<group>";
		};
		855023662A3D79EF00D563AF /* Screen */ = {
			isa = PBXGroup;
			children = (
				855023672A3D79FE00D563AF /* Weather */,
			);
			path = Screen;
			sourceTree = "<group>";
		};
		855023672A3D79FE00D563AF /* Weather */ = {
			isa = PBXGroup;
			children = (
				855023702A3D7A5600D563AF /* Enum */,
				8550236F2A3D7A5000D563AF /* Model */,
				8550236E2A3D7A4400D563AF /* View */,
				8550236D2A3D7A3E00D563AF /* Cell */,
				8550236C2A3D7A3600D563AF /* DataSourse */,
				8550236B2A3D7A2F00D563AF /* Presenter */,
				8550236A2A3D7A2300D563AF /* ViewController */,
				855023692A3D7A2100D563AF /* Storyboard */,
			);
			path = Weather;
			sourceTree = "<group>";
		};
		855023682A3D7A0000D563AF /* Application */ = {
			isa = PBXGroup;
			children = (
			);
			path = Application;
			sourceTree = "<group>";
		};
		855023692A3D7A2100D563AF /* Storyboard */ = {
			isa = PBXGroup;
			children = (
				855023572A3D77D600D563AF /* Weather.storyboard */,
			);
			path = Storyboard;
			sourceTree = "<group>";
		};
		8550236A2A3D7A2300D563AF /* ViewController */ = {
			isa = PBXGroup;
			children = (
				855023552A3D77D600D563AF /* WeatherViewController.swift */,
			);
			path = ViewController;
			sourceTree = "<group>";
		};
		8550236B2A3D7A2F00D563AF /* Presenter */ = {
			isa = PBXGroup;
			children = (
				855023712A3D7A9F00D563AF /* WeatherPresenter.swift */,
			);
			path = Presenter;
			sourceTree = "<group>";
		};
		8550236C2A3D7A3600D563AF /* DataSourse */ = {
			isa = PBXGroup;
			children = (
				855023732A3D7AB200D563AF /* WeatherDataSourse.swift */,
			);
			path = DataSourse;
			sourceTree = "<group>";
		};
		8550236D2A3D7A3E00D563AF /* Cell */ = {
			isa = PBXGroup;
			children = (
				855023D42A3DA2AB00D563AF /* AdditionalInformation */,
				855023D12A3D9E1100D563AF /* HourlyWeather */,
				8550239C2A3D7D9500D563AF /* SectionHeader */,
				855023832A3D7C4C00D563AF /* DayWeather */,
			);
			path = Cell;
			sourceTree = "<group>";
		};
		8550236E2A3D7A4400D563AF /* View */ = {
			isa = PBXGroup;
			children = (
				855023802A3D7C3A00D563AF /* CurrentWeather */,
				8550237F2A3D7C2B00D563AF /* Header */,
				855023752A3D7B3500D563AF /* Bottom */,
			);
			path = View;
			sourceTree = "<group>";
		};
		8550236F2A3D7A5000D563AF /* Model */ = {
			isa = PBXGroup;
			children = (
				855023992A3D7D6B00D563AF /* Data */,
			);
			path = Model;
			sourceTree = "<group>";
		};
		855023702A3D7A5600D563AF /* Enum */ = {
			isa = PBXGroup;
			children = (
				8550237B2A3D7BCF00D563AF /* WeatherType.swift */,
				8550237D2A3D7BE000D563AF /* CurrentWeatherType.swift */,
			);
			path = Enum;
			sourceTree = "<group>";
		};
		855023752A3D7B3500D563AF /* Bottom */ = {
			isa = PBXGroup;
			children = (
				855023762A3D7B3E00D563AF /* WeatherBottomView.swift */,
			);
			path = Bottom;
			sourceTree = "<group>";
		};
		8550237F2A3D7C2B00D563AF /* Header */ = {
			isa = PBXGroup;
			children = (
				8550239F2A3D7DD100D563AF /* WeatherSectionHeaderView.swift */,
			);
			path = Header;
			sourceTree = "<group>";
		};
		855023802A3D7C3A00D563AF /* CurrentWeather */ = {
			isa = PBXGroup;
			children = (
				855023812A3D7C4400D563AF /* CurrentWeatherView.swift */,
			);
			path = CurrentWeather;
			sourceTree = "<group>";
		};
		855023832A3D7C4C00D563AF /* DayWeather */ = {
			isa = PBXGroup;
			children = (
				855023842A3D7C5600D563AF /* DayWeatherCell.swift */,
			);
			path = DayWeather;
			sourceTree = "<group>";
		};
		855023862A3D7C7900D563AF /* Extensions */ = {
			isa = PBXGroup;
			children = (
				855023C42A3D961A00D563AF /* String */,
				855023C12A3D95E500D563AF /* Date */,
				855023B82A3D8ED400D563AF /* UIView */,
			);
			path = Extensions;
			sourceTree = "<group>";
		};
		855023872A3D7C8200D563AF /* Base */ = {
			isa = PBXGroup;
			children = (
				855023922A3D7D1600D563AF /* Constant */,
				855023882A3D7C8B00D563AF /* View */,
			);
			path = Base;
			sourceTree = "<group>";
		};
		855023882A3D7C8B00D563AF /* View */ = {
			isa = PBXGroup;
			children = (
				855023892A3D7C9C00D563AF /* Label.swift */,
			);
			path = View;
			sourceTree = "<group>";
		};
		8550238B2A3D7CC100D563AF /* Manager */ = {
			isa = PBXGroup;
			children = (
				8550238D2A3D7CD700D563AF /* Location */,
			);
			path = Manager;
			sourceTree = "<group>";
		};
		8550238D2A3D7CD700D563AF /* Location */ = {
			isa = PBXGroup;
			children = (
				855023902A3D7CEE00D563AF /* LocationManager.swift */,
			);
			path = Location;
			sourceTree = "<group>";
		};
		855023922A3D7D1600D563AF /* Constant */ = {
			isa = PBXGroup;
			children = (
				855023932A3D7D2400D563AF /* Constant.swift */,
			);
			path = Constant;
			sourceTree = "<group>";
		};
		855023962A3D7D4500D563AF /* Response */ = {
			isa = PBXGroup;
			children = (
				855023972A3D7D5000D563AF /* WeatherResponse.swift */,
			);
			path = Response;
			sourceTree = "<group>";
		};
		855023992A3D7D6B00D563AF /* Data */ = {
			isa = PBXGroup;
			children = (
				8550239A2A3D7D7500D563AF /* DayWeatherData.swift */,
			);
			path = Data;
			sourceTree = "<group>";
		};
		8550239C2A3D7D9500D563AF /* SectionHeader */ = {
			isa = PBXGroup;
			children = (
				8550239D2A3D7DA100D563AF /* WeatherSectionHeader.swift */,
			);
			path = SectionHeader;
			sourceTree = "<group>";
		};
		855023A12A3D7EDB00D563AF /* Network */ = {
			isa = PBXGroup;
			children = (
				855023962A3D7D4500D563AF /* Response */,
				855023A22A3D7EE500D563AF /* Manager */,
			);
			path = Network;
			sourceTree = "<group>";
		};
		855023A22A3D7EE500D563AF /* Manager */ = {
			isa = PBXGroup;
			children = (
				8550238E2A3D7CE300D563AF /* NetworkManager.swift */,
			);
			path = Manager;
			sourceTree = "<group>";
		};
		855023B82A3D8ED400D563AF /* UIView */ = {
			isa = PBXGroup;
			children = (
				855023B92A3D8EE700D563AF /* UIView+Blur.swift */,
				855023BF2A3D93EE00D563AF /* UIView+CornerRadius.swift */,
			);
			path = UIView;
			sourceTree = "<group>";
		};
		855023BB2A3D916600D563AF /* Resources */ = {
			isa = PBXGroup;
			children = (
				855023CE2A3D998600D563AF /* Color */,
				8550235A2A3D77D700D563AF /* Assets.xcassets */,
				855023BC2A3D917400D563AF /* Font */,
				855023CA2A3D96AE00D563AF /* Localizable.strings */,
			);
			path = Resources;
			sourceTree = "<group>";
		};
		855023BC2A3D917400D563AF /* Font */ = {
			isa = PBXGroup;
			children = (
				855023BD2A3D91A600D563AF /* Inter-Medium.ttf */,
			);
			path = Font;
			sourceTree = "<group>";
		};
		855023C12A3D95E500D563AF /* Date */ = {
			isa = PBXGroup;
			children = (
				855023C22A3D95EE00D563AF /* Date+Extension.swift */,
			);
			path = Date;
			sourceTree = "<group>";
		};
		855023C42A3D961A00D563AF /* String */ = {
			isa = PBXGroup;
			children = (
				855023C52A3D962200D563AF /* String+Extension.swift */,
				855023CC2A3D974000D563AF /* String+Localizable.swift */,
			);
			path = String;
			sourceTree = "<group>";
		};
		855023C72A3D968B00D563AF /* Enum */ = {
			isa = PBXGroup;
			children = (
				855023DF2A3DCB7300D563AF /* PhoneSize.swift */,
				855023C82A3D969300D563AF /* WeekDay.swift */,
			);
			path = Enum;
			sourceTree = "<group>";
		};
		855023CE2A3D998600D563AF /* Color */ = {
			isa = PBXGroup;
			children = (
				855023CF2A3D99BE00D563AF /* Color.swift */,
			);
			path = Color;
			sourceTree = "<group>";
		};
		855023D12A3D9E1100D563AF /* HourlyWeather */ = {
			isa = PBXGroup;
			children = (
				855023EA2A3ED2FF00D563AF /* Model */,
				855023E92A3ED2F100D563AF /* DataSource */,
				855023E12A3E435300D563AF /* Cell */,
				855023E82A3ED2E900D563AF /* View */,
			);
			path = HourlyWeather;
			sourceTree = "<group>";
		};
		855023D42A3DA2AB00D563AF /* AdditionalInformation */ = {
			isa = PBXGroup;
			children = (
				855023F22A3EE35200D563AF /* Type */,
				855023EF2A3EE23100D563AF /* Enum */,
				855023DB2A3DA6D000D563AF /* Cell */,
				855023D82A3DA3B900D563AF /* DataSource */,
				855023D72A3DA3AE00D563AF /* View */,
			);
			path = AdditionalInformation;
			sourceTree = "<group>";
		};
		855023D72A3DA3AE00D563AF /* View */ = {
			isa = PBXGroup;
			children = (
				855023D52A3DA2C100D563AF /* AdditionalInformationCell.swift */,
			);
			path = View;
			sourceTree = "<group>";
		};
		855023D82A3DA3B900D563AF /* DataSource */ = {
			isa = PBXGroup;
			children = (
				855023D92A3DA3CB00D563AF /* AdditionalInformationDataSource.swift */,
			);
			path = DataSource;
			sourceTree = "<group>";
		};
		855023DB2A3DA6D000D563AF /* Cell */ = {
			isa = PBXGroup;
			children = (
				855023DC2A3DA6EA00D563AF /* AdditionalInformationItemCell.swift */,
			);
			path = Cell;
			sourceTree = "<group>";
		};
		855023E12A3E435300D563AF /* Cell */ = {
			isa = PBXGroup;
			children = (
				855023E62A3E438900D563AF /* HourWeatherCell.swift */,
			);
			path = Cell;
			sourceTree = "<group>";
		};
		855023E82A3ED2E900D563AF /* View */ = {
			isa = PBXGroup;
			children = (
				855023D22A3D9E2100D563AF /* HourlyWeatherCell.swift */,
			);
			path = View;
			sourceTree = "<group>";
		};
		855023E92A3ED2F100D563AF /* DataSource */ = {
			isa = PBXGroup;
			children = (
				855023ED2A3ED32500D563AF /* CurrentWeatherDataSource.swift */,
			);
			path = DataSource;
			sourceTree = "<group>";
		};
		855023EA2A3ED2FF00D563AF /* Model */ = {
			isa = PBXGroup;
			children = (
				855023EB2A3ED30B00D563AF /* HourWeatherData.swift */,
			);
			path = Model;
			sourceTree = "<group>";
		};
		855023EF2A3EE23100D563AF /* Enum */ = {
			isa = PBXGroup;
			children = (
				855023F02A3EE23F00D563AF /* AdditionalInformationType.swift */,
			);
			path = Enum;
			sourceTree = "<group>";
		};
		855023F22A3EE35200D563AF /* Type */ = {
			isa = PBXGroup;
			children = (
				855023F32A3EE37900D563AF /* WindTypeView.swift */,
				855023F52A3EEDD500D563AF /* HumidityTypeView.swift */,
			);
			path = Type;
			sourceTree = "<group>";
		};
/* End PBXGroup section */

/* Begin PBXNativeTarget section */
		8550234D2A3D77D600D563AF /* OpenWeather */ = {
			isa = PBXNativeTarget;
			buildConfigurationList = 855023622A3D77D700D563AF /* Build configuration list for PBXNativeTarget "OpenWeather" */;
			buildPhases = (
				8550234A2A3D77D600D563AF /* Sources */,
				8550234B2A3D77D600D563AF /* Frameworks */,
				8550234C2A3D77D600D563AF /* Resources */,
			);
			buildRules = (
			);
			dependencies = (
			);
			name = OpenWeather;
			packageProductDependencies = (
				855023792A3D7BA500D563AF /* SnapKit */,
			);
			productName = OpenWeather;
			productReference = 8550234E2A3D77D600D563AF /* OpenWeather.app */;
			productType = "com.apple.product-type.application";
		};
/* End PBXNativeTarget section */

/* Begin PBXProject section */
		855023462A3D77D600D563AF /* Project object */ = {
			isa = PBXProject;
			attributes = {
				BuildIndependentTargetsInParallel = 1;
				LastSwiftUpdateCheck = 1430;
				LastUpgradeCheck = 1430;
				TargetAttributes = {
					8550234D2A3D77D600D563AF = {
						CreatedOnToolsVersion = 14.3;
					};
				};
			};
			buildConfigurationList = 855023492A3D77D600D563AF /* Build configuration list for PBXProject "OpenWeather" */;
			compatibilityVersion = "Xcode 14.0";
			developmentRegion = en;
			hasScannedForEncodings = 0;
			knownRegions = (
				en,
				Base,
			);
			mainGroup = 855023452A3D77D600D563AF;
			packageReferences = (
				855023782A3D7BA500D563AF /* XCRemoteSwiftPackageReference "SnapKit" */,
			);
			productRefGroup = 8550234F2A3D77D600D563AF /* Products */;
			projectDirPath = "";
			projectRoot = "";
			targets = (
				8550234D2A3D77D600D563AF /* OpenWeather */,
			);
		};
/* End PBXProject section */

/* Begin PBXResourcesBuildPhase section */
		8550234C2A3D77D600D563AF /* Resources */ = {
			isa = PBXResourcesBuildPhase;
			buildActionMask = 2147483647;
			files = (
				855023CB2A3D96AE00D563AF /* Localizable.strings in Resources */,
				855023BE2A3D91A600D563AF /* Inter-Medium.ttf in Resources */,
				8550235E2A3D77D700D563AF /* LaunchScreen.storyboard in Resources */,
				8550235B2A3D77D700D563AF /* Assets.xcassets in Resources */,
				855023592A3D77D600D563AF /* Weather.storyboard in Resources */,
			);
			runOnlyForDeploymentPostprocessing = 0;
		};
/* End PBXResourcesBuildPhase section */

/* Begin PBXSourcesBuildPhase section */
		8550234A2A3D77D600D563AF /* Sources */ = {
			isa = PBXSourcesBuildPhase;
			buildActionMask = 2147483647;
			files = (
				8550238F2A3D7CE300D563AF /* NetworkManager.swift in Sources */,
				855023D32A3D9E2100D563AF /* HourlyWeatherCell.swift in Sources */,
				855023DA2A3DA3CB00D563AF /* AdditionalInformationDataSource.swift in Sources */,
				8550237E2A3D7BE000D563AF /* CurrentWeatherType.swift in Sources */,
				855023742A3D7AB200D563AF /* WeatherDataSourse.swift in Sources */,
				855023F42A3EE37A00D563AF /* WindTypeView.swift in Sources */,
				855023562A3D77D600D563AF /* WeatherViewController.swift in Sources */,
				855023982A3D7D5000D563AF /* WeatherResponse.swift in Sources */,
				8550237C2A3D7BCF00D563AF /* WeatherType.swift in Sources */,
				8550238A2A3D7C9C00D563AF /* Label.swift in Sources */,
				855023A02A3D7DD100D563AF /* WeatherSectionHeaderView.swift in Sources */,
				8550239B2A3D7D7500D563AF /* DayWeatherData.swift in Sources */,
				855023C92A3D969300D563AF /* WeekDay.swift in Sources */,
				855023C02A3D93EE00D563AF /* UIView+CornerRadius.swift in Sources */,
				855023E02A3DCB7300D563AF /* PhoneSize.swift in Sources */,
				855023722A3D7A9F00D563AF /* WeatherPresenter.swift in Sources */,
				855023C32A3D95EE00D563AF /* Date+Extension.swift in Sources */,
				855023DD2A3DA6EA00D563AF /* AdditionalInformationItemCell.swift in Sources */,
				855023C62A3D962200D563AF /* String+Extension.swift in Sources */,
				855023D62A3DA2C100D563AF /* AdditionalInformationCell.swift in Sources */,
				855023942A3D7D2400D563AF /* Constant.swift in Sources */,
				855023522A3D77D600D563AF /* AppDelegate.swift in Sources */,
				855023F12A3EE23F00D563AF /* AdditionalInformationType.swift in Sources */,
				855023772A3D7B3E00D563AF /* WeatherBottomView.swift in Sources */,
				855023EE2A3ED32500D563AF /* CurrentWeatherDataSource.swift in Sources */,
				855023BA2A3D8EE700D563AF /* UIView+Blur.swift in Sources */,
				855023D02A3D99BE00D563AF /* Color.swift in Sources */,
				855023EC2A3ED30B00D563AF /* HourWeatherData.swift in Sources */,
				855023852A3D7C5600D563AF /* DayWeatherCell.swift in Sources */,
				855023542A3D77D600D563AF /* SceneDelegate.swift in Sources */,
				855023822A3D7C4400D563AF /* CurrentWeatherView.swift in Sources */,
				8550239E2A3D7DA100D563AF /* WeatherSectionHeader.swift in Sources */,
				855023E72A3E438900D563AF /* HourWeatherCell.swift in Sources */,
				855023912A3D7CEE00D563AF /* LocationManager.swift in Sources */,
				855023CD2A3D974000D563AF /* String+Localizable.swift in Sources */,
				855023F62A3EEDD500D563AF /* HumidityTypeView.swift in Sources */,
			);
			runOnlyForDeploymentPostprocessing = 0;
		};
/* End PBXSourcesBuildPhase section */

/* Begin PBXVariantGroup section */
		855023572A3D77D600D563AF /* Weather.storyboard */ = {
			isa = PBXVariantGroup;
			children = (
				855023582A3D77D600D563AF /* Base */,
			);
			name = Weather.storyboard;
			sourceTree = "<group>";
		};
		8550235C2A3D77D700D563AF /* LaunchScreen.storyboard */ = {
			isa = PBXVariantGroup;
			children = (
				8550235D2A3D77D700D563AF /* Base */,
			);
			name = LaunchScreen.storyboard;
			sourceTree = "<group>";
		};
/* End PBXVariantGroup section */

/* Begin XCBuildConfiguration section */
		855023602A3D77D700D563AF /* Debug */ = {
			isa = XCBuildConfiguration;
			buildSettings = {
				ALWAYS_SEARCH_USER_PATHS = NO;
				CLANG_ANALYZER_NONNULL = YES;
				CLANG_ANALYZER_NUMBER_OBJECT_CONVERSION = YES_AGGRESSIVE;
				CLANG_CXX_LANGUAGE_STANDARD = "gnu++20";
				CLANG_ENABLE_MODULES = YES;
				CLANG_ENABLE_OBJC_ARC = YES;
				CLANG_ENABLE_OBJC_WEAK = YES;
				CLANG_WARN_BLOCK_CAPTURE_AUTORELEASING = YES;
				CLANG_WARN_BOOL_CONVERSION = YES;
				CLANG_WARN_COMMA = YES;
				CLANG_WARN_CONSTANT_CONVERSION = YES;
				CLANG_WARN_DEPRECATED_OBJC_IMPLEMENTATIONS = YES;
				CLANG_WARN_DIRECT_OBJC_ISA_USAGE = YES_ERROR;
				CLANG_WARN_DOCUMENTATION_COMMENTS = YES;
				CLANG_WARN_EMPTY_BODY = YES;
				CLANG_WARN_ENUM_CONVERSION = YES;
				CLANG_WARN_INFINITE_RECURSION = YES;
				CLANG_WARN_INT_CONVERSION = YES;
				CLANG_WARN_NON_LITERAL_NULL_CONVERSION = YES;
				CLANG_WARN_OBJC_IMPLICIT_RETAIN_SELF = YES;
				CLANG_WARN_OBJC_LITERAL_CONVERSION = YES;
				CLANG_WARN_OBJC_ROOT_CLASS = YES_ERROR;
				CLANG_WARN_QUOTED_INCLUDE_IN_FRAMEWORK_HEADER = YES;
				CLANG_WARN_RANGE_LOOP_ANALYSIS = YES;
				CLANG_WARN_STRICT_PROTOTYPES = YES;
				CLANG_WARN_SUSPICIOUS_MOVE = YES;
				CLANG_WARN_UNGUARDED_AVAILABILITY = YES_AGGRESSIVE;
				CLANG_WARN_UNREACHABLE_CODE = YES;
				CLANG_WARN__DUPLICATE_METHOD_MATCH = YES;
				COPY_PHASE_STRIP = NO;
				DEBUG_INFORMATION_FORMAT = dwarf;
				ENABLE_STRICT_OBJC_MSGSEND = YES;
				ENABLE_TESTABILITY = YES;
				GCC_C_LANGUAGE_STANDARD = gnu11;
				GCC_DYNAMIC_NO_PIC = NO;
				GCC_NO_COMMON_BLOCKS = YES;
				GCC_OPTIMIZATION_LEVEL = 0;
				GCC_PREPROCESSOR_DEFINITIONS = (
					"DEBUG=1",
					"$(inherited)",
				);
				GCC_WARN_64_TO_32_BIT_CONVERSION = YES;
				GCC_WARN_ABOUT_RETURN_TYPE = YES_ERROR;
				GCC_WARN_UNDECLARED_SELECTOR = YES;
				GCC_WARN_UNINITIALIZED_AUTOS = YES_AGGRESSIVE;
				GCC_WARN_UNUSED_FUNCTION = YES;
				GCC_WARN_UNUSED_VARIABLE = YES;
				IPHONEOS_DEPLOYMENT_TARGET = 16.4;
				MTL_ENABLE_DEBUG_INFO = INCLUDE_SOURCE;
				MTL_FAST_MATH = YES;
				ONLY_ACTIVE_ARCH = YES;
				SDKROOT = iphoneos;
				SWIFT_ACTIVE_COMPILATION_CONDITIONS = DEBUG;
				SWIFT_OPTIMIZATION_LEVEL = "-Onone";
			};
			name = Debug;
		};
		855023612A3D77D700D563AF /* Release */ = {
			isa = XCBuildConfiguration;
			buildSettings = {
				ALWAYS_SEARCH_USER_PATHS = NO;
				CLANG_ANALYZER_NONNULL = YES;
				CLANG_ANALYZER_NUMBER_OBJECT_CONVERSION = YES_AGGRESSIVE;
				CLANG_CXX_LANGUAGE_STANDARD = "gnu++20";
				CLANG_ENABLE_MODULES = YES;
				CLANG_ENABLE_OBJC_ARC = YES;
				CLANG_ENABLE_OBJC_WEAK = YES;
				CLANG_WARN_BLOCK_CAPTURE_AUTORELEASING = YES;
				CLANG_WARN_BOOL_CONVERSION = YES;
				CLANG_WARN_COMMA = YES;
				CLANG_WARN_CONSTANT_CONVERSION = YES;
				CLANG_WARN_DEPRECATED_OBJC_IMPLEMENTATIONS = YES;
				CLANG_WARN_DIRECT_OBJC_ISA_USAGE = YES_ERROR;
				CLANG_WARN_DOCUMENTATION_COMMENTS = YES;
				CLANG_WARN_EMPTY_BODY = YES;
				CLANG_WARN_ENUM_CONVERSION = YES;
				CLANG_WARN_INFINITE_RECURSION = YES;
				CLANG_WARN_INT_CONVERSION = YES;
				CLANG_WARN_NON_LITERAL_NULL_CONVERSION = YES;
				CLANG_WARN_OBJC_IMPLICIT_RETAIN_SELF = YES;
				CLANG_WARN_OBJC_LITERAL_CONVERSION = YES;
				CLANG_WARN_OBJC_ROOT_CLASS = YES_ERROR;
				CLANG_WARN_QUOTED_INCLUDE_IN_FRAMEWORK_HEADER = YES;
				CLANG_WARN_RANGE_LOOP_ANALYSIS = YES;
				CLANG_WARN_STRICT_PROTOTYPES = YES;
				CLANG_WARN_SUSPICIOUS_MOVE = YES;
				CLANG_WARN_UNGUARDED_AVAILABILITY = YES_AGGRESSIVE;
				CLANG_WARN_UNREACHABLE_CODE = YES;
				CLANG_WARN__DUPLICATE_METHOD_MATCH = YES;
				COPY_PHASE_STRIP = NO;
				DEBUG_INFORMATION_FORMAT = "dwarf-with-dsym";
				ENABLE_NS_ASSERTIONS = NO;
				ENABLE_STRICT_OBJC_MSGSEND = YES;
				GCC_C_LANGUAGE_STANDARD = gnu11;
				GCC_NO_COMMON_BLOCKS = YES;
				GCC_WARN_64_TO_32_BIT_CONVERSION = YES;
				GCC_WARN_ABOUT_RETURN_TYPE = YES_ERROR;
				GCC_WARN_UNDECLARED_SELECTOR = YES;
				GCC_WARN_UNINITIALIZED_AUTOS = YES_AGGRESSIVE;
				GCC_WARN_UNUSED_FUNCTION = YES;
				GCC_WARN_UNUSED_VARIABLE = YES;
				IPHONEOS_DEPLOYMENT_TARGET = 16.4;
				MTL_ENABLE_DEBUG_INFO = NO;
				MTL_FAST_MATH = YES;
				SDKROOT = iphoneos;
				SWIFT_COMPILATION_MODE = wholemodule;
				SWIFT_OPTIMIZATION_LEVEL = "-O";
				VALIDATE_PRODUCT = YES;
			};
			name = Release;
		};
		855023632A3D77D700D563AF /* Debug */ = {
			isa = XCBuildConfiguration;
			buildSettings = {
				ASSETCATALOG_COMPILER_APPICON_NAME = AppIcon;
				ASSETCATALOG_COMPILER_GLOBAL_ACCENT_COLOR_NAME = AccentColor;
				CODE_SIGN_STYLE = Automatic;
				CURRENT_PROJECT_VERSION = 1;
				DEVELOPMENT_TEAM = 76TUWTZW78;
				GENERATE_INFOPLIST_FILE = YES;
				INFOPLIST_FILE = OpenWeather/Info.plist;
				INFOPLIST_KEY_UIApplicationSupportsIndirectInputEvents = YES;
				INFOPLIST_KEY_UILaunchStoryboardName = LaunchScreen;
				INFOPLIST_KEY_UIMainStoryboardFile = Weather;
				INFOPLIST_KEY_UISupportedInterfaceOrientations_iPad = "UIInterfaceOrientationPortrait UIInterfaceOrientationPortraitUpsideDown UIInterfaceOrientationLandscapeLeft UIInterfaceOrientationLandscapeRight";
				INFOPLIST_KEY_UISupportedInterfaceOrientations_iPhone = "UIInterfaceOrientationPortrait UIInterfaceOrientationLandscapeLeft UIInterfaceOrientationLandscapeRight";
				LD_RUNPATH_SEARCH_PATHS = (
					"$(inherited)",
					"@executable_path/Frameworks",
				);
				MARKETING_VERSION = 1.0;
				PRODUCT_BUNDLE_IDENTIFIER = com.nnnkate.OpenWeather;
				PRODUCT_NAME = "$(TARGET_NAME)";
				SWIFT_EMIT_LOC_STRINGS = YES;
				SWIFT_VERSION = 5.0;
				TARGETED_DEVICE_FAMILY = "1,2";
			};
			name = Debug;
		};
		855023642A3D77D700D563AF /* Release */ = {
			isa = XCBuildConfiguration;
			buildSettings = {
				ASSETCATALOG_COMPILER_APPICON_NAME = AppIcon;
				ASSETCATALOG_COMPILER_GLOBAL_ACCENT_COLOR_NAME = AccentColor;
				CODE_SIGN_STYLE = Automatic;
				CURRENT_PROJECT_VERSION = 1;
				DEVELOPMENT_TEAM = 76TUWTZW78;
				GENERATE_INFOPLIST_FILE = YES;
				INFOPLIST_FILE = OpenWeather/Info.plist;
				INFOPLIST_KEY_UIApplicationSupportsIndirectInputEvents = YES;
				INFOPLIST_KEY_UILaunchStoryboardName = LaunchScreen;
				INFOPLIST_KEY_UIMainStoryboardFile = Weather;
				INFOPLIST_KEY_UISupportedInterfaceOrientations_iPad = "UIInterfaceOrientationPortrait UIInterfaceOrientationPortraitUpsideDown UIInterfaceOrientationLandscapeLeft UIInterfaceOrientationLandscapeRight";
				INFOPLIST_KEY_UISupportedInterfaceOrientations_iPhone = "UIInterfaceOrientationPortrait UIInterfaceOrientationLandscapeLeft UIInterfaceOrientationLandscapeRight";
				LD_RUNPATH_SEARCH_PATHS = (
					"$(inherited)",
					"@executable_path/Frameworks",
				);
				MARKETING_VERSION = 1.0;
				PRODUCT_BUNDLE_IDENTIFIER = com.nnnkate.OpenWeather;
				PRODUCT_NAME = "$(TARGET_NAME)";
				SWIFT_EMIT_LOC_STRINGS = YES;
				SWIFT_VERSION = 5.0;
				TARGETED_DEVICE_FAMILY = "1,2";
			};
			name = Release;
		};
/* End XCBuildConfiguration section */

/* Begin XCConfigurationList section */
		855023492A3D77D600D563AF /* Build configuration list for PBXProject "OpenWeather" */ = {
			isa = XCConfigurationList;
			buildConfigurations = (
				855023602A3D77D700D563AF /* Debug */,
				855023612A3D77D700D563AF /* Release */,
			);
			defaultConfigurationIsVisible = 0;
			defaultConfigurationName = Release;
		};
		855023622A3D77D700D563AF /* Build configuration list for PBXNativeTarget "OpenWeather" */ = {
			isa = XCConfigurationList;
			buildConfigurations = (
				855023632A3D77D700D563AF /* Debug */,
				855023642A3D77D700D563AF /* Release */,
			);
			defaultConfigurationIsVisible = 0;
			defaultConfigurationName = Release;
		};
/* End XCConfigurationList section */

/* Begin XCRemoteSwiftPackageReference section */
		855023782A3D7BA500D563AF /* XCRemoteSwiftPackageReference "SnapKit" */ = {
			isa = XCRemoteSwiftPackageReference;
			repositoryURL = "https://github.com/SnapKit/SnapKit.git";
			requirement = {
				kind = upToNextMajorVersion;
				minimumVersion = 5.0.0;
			};
		};
/* End XCRemoteSwiftPackageReference section */

/* Begin XCSwiftPackageProductDependency section */
		855023792A3D7BA500D563AF /* SnapKit */ = {
			isa = XCSwiftPackageProductDependency;
			package = 855023782A3D7BA500D563AF /* XCRemoteSwiftPackageReference "SnapKit" */;
			productName = SnapKit;
		};
/* End XCSwiftPackageProductDependency section */
	};
	rootObject = 855023462A3D77D600D563AF /* Project object */;
}
